// !$*UTF8*$!
{
	archiveVersion = 1;
	classes = {
	};
	objectVersion = 55;
	objects = {

/* Begin PBXBuildFile section */
		BD9FA63C28A50B7A0051DA21 /* AppDelegate.swift in Sources */ = {isa = PBXBuildFile; fileRef = BD9FA63B28A50B7A0051DA21 /* AppDelegate.swift */; };
		BD9FA63E28A50B7A0051DA21 /* SceneDelegate.swift in Sources */ = {isa = PBXBuildFile; fileRef = BD9FA63D28A50B7A0051DA21 /* SceneDelegate.swift */; };
		BD9FA64028A50B7A0051DA21 /* ViewController.swift in Sources */ = {isa = PBXBuildFile; fileRef = BD9FA63F28A50B7A0051DA21 /* ViewController.swift */; };
		BD9FA64328A50B7A0051DA21 /* Main.storyboard in Resources */ = {isa = PBXBuildFile; fileRef = BD9FA64128A50B7A0051DA21 /* Main.storyboard */; };
		BD9FA64528A50B7D0051DA21 /* Assets.xcassets in Resources */ = {isa = PBXBuildFile; fileRef = BD9FA64428A50B7D0051DA21 /* Assets.xcassets */; };
		BD9FA64828A50B7D0051DA21 /* LaunchScreen.storyboard in Resources */ = {isa = PBXBuildFile; fileRef = BD9FA64628A50B7D0051DA21 /* LaunchScreen.storyboard */; };
		BDFD300428A53409002FE0C1 /* LAUPickerView in Frameworks */ = {isa = PBXBuildFile; productRef = BDFD300328A53409002FE0C1 /* LAUPickerView */; };
/* End PBXBuildFile section */

/* Begin PBXFileReference section */
		38EF6B7928AADD5C008AB056 /* LAUPickerView */ = {isa = PBXFileReference; lastKnownFileType = wrapper; name = LAUPickerView; path = ../..; sourceTree = "<group>"; };
		BD9FA63828A50B7A0051DA21 /* LAUPickerViewExample.app */ = {isa = PBXFileReference; explicitFileType = wrapper.application; includeInIndex = 0; path = LAUPickerViewExample.app; sourceTree = BUILT_PRODUCTS_DIR; };
		BD9FA63B28A50B7A0051DA21 /* AppDelegate.swift */ = {isa = PBXFileReference; lastKnownFileType = sourcecode.swift; path = AppDelegate.swift; sourceTree = "<group>"; };
		BD9FA63D28A50B7A0051DA21 /* SceneDelegate.swift */ = {isa = PBXFileReference; lastKnownFileType = sourcecode.swift; path = SceneDelegate.swift; sourceTree = "<group>"; };
		BD9FA63F28A50B7A0051DA21 /* ViewController.swift */ = {isa = PBXFileReference; lastKnownFileType = sourcecode.swift; path = ViewController.swift; sourceTree = "<group>"; };
		BD9FA64228A50B7A0051DA21 /* Base */ = {isa = PBXFileReference; lastKnownFileType = file.storyboard; name = Base; path = Base.lproj/Main.storyboard; sourceTree = "<group>"; };
		BD9FA64428A50B7D0051DA21 /* Assets.xcassets */ = {isa = PBXFileReference; lastKnownFileType = folder.assetcatalog; path = Assets.xcassets; sourceTree = "<group>"; };
		BD9FA64728A50B7D0051DA21 /* Base */ = {isa = PBXFileReference; lastKnownFileType = file.storyboard; name = Base; path = Base.lproj/LaunchScreen.storyboard; sourceTree = "<group>"; };
		BD9FA64928A50B7D0051DA21 /* Info.plist */ = {isa = PBXFileReference; lastKnownFileType = text.plist.xml; path = Info.plist; sourceTree = "<group>"; };
		BDFD300228A533F8002FE0C1 /* LAUPickerView */ = {isa = PBXFileReference; lastKnownFileType = wrapper; name = LAUPickerView; path = ../..; sourceTree = "<group>"; };
/* End PBXFileReference section */

/* Begin PBXFrameworksBuildPhase section */
		BD9FA63528A50B7A0051DA21 /* Frameworks */ = {
			isa = PBXFrameworksBuildPhase;
			buildActionMask = 2147483647;
			files = (
				BDFD300428A53409002FE0C1 /* LAUPickerView in Frameworks */,
			);
			runOnlyForDeploymentPostprocessing = 0;
		};
/* End PBXFrameworksBuildPhase section */

/* Begin PBXGroup section */
		BD6E2A8C28A51EE700292729 /* Frameworks */ = {
			isa = PBXGroup;
			children = (
			);
			name = Frameworks;
			sourceTree = "<group>";
		};
		BD9FA62F28A50B7A0051DA21 = {
			isa = PBXGroup;
			children = (
				BDFD300128A533F8002FE0C1 /* Packages */,
				BD9FA63A28A50B7A0051DA21 /* LAUPickerViewExample */,
				BD9FA63928A50B7A0051DA21 /* Products */,
				BD6E2A8C28A51EE700292729 /* Frameworks */,
			);
			sourceTree = "<group>";
		};
		BD9FA63928A50B7A0051DA21 /* Products */ = {
			isa = PBXGroup;
			children = (
				BD9FA63828A50B7A0051DA21 /* LAUPickerViewExample.app */,
			);
			name = Products;
			sourceTree = "<group>";
		};
		BD9FA63A28A50B7A0051DA21 /* LAUPickerViewExample */ = {
			isa = PBXGroup;
			children = (
				BD9FA63B28A50B7A0051DA21 /* AppDelegate.swift */,
				BD9FA63D28A50B7A0051DA21 /* SceneDelegate.swift */,
				BD9FA63F28A50B7A0051DA21 /* ViewController.swift */,
				BD9FA64128A50B7A0051DA21 /* Main.storyboard */,
				BD9FA64428A50B7D0051DA21 /* Assets.xcassets */,
				BD9FA64628A50B7D0051DA21 /* LaunchScreen.storyboard */,
				BD9FA64928A50B7D0051DA21 /* Info.plist */,
			);
			path = LAUPickerViewExample;
			sourceTree = "<group>";
		};
		BDFD300128A533F8002FE0C1 /* Packages */ = {
			isa = PBXGroup;
			children = (
				BDFD300228A533F8002FE0C1 /* LAUPickerView */,
				38EF6B7928AADD5C008AB056 /* LAUPickerView */,
			);
			name = Packages;
			sourceTree = "<group>";
		};
/* End PBXGroup section */

/* Begin PBXNativeTarget section */
		BD9FA63728A50B7A0051DA21 /* LAUPickerViewExample */ = {
			isa = PBXNativeTarget;
			buildConfigurationList = BD9FA64C28A50B7D0051DA21 /* Build configuration list for PBXNativeTarget "LAUPickerViewExample" */;
			buildPhases = (
				BD9FA63428A50B7A0051DA21 /* Sources */,
				BD9FA63528A50B7A0051DA21 /* Frameworks */,
				BD9FA63628A50B7A0051DA21 /* Resources */,
			);
			buildRules = (
			);
			dependencies = (
			);
			name = LAUPickerViewExample;
			packageProductDependencies = (
				BDFD300328A53409002FE0C1 /* LAUPickerView */,
			);
			productName = LAUPickerViewExample;
			productReference = BD9FA63828A50B7A0051DA21 /* LAUPickerViewExample.app */;
			productType = "com.apple.product-type.application";
		};
/* End PBXNativeTarget section */

/* Begin PBXProject section */
		BD9FA63028A50B7A0051DA21 /* Project object */ = {
			isa = PBXProject;
			attributes = {
				BuildIndependentTargetsInParallel = 1;
				LastSwiftUpdateCheck = 1330;
				LastUpgradeCheck = 1330;
				TargetAttributes = {
					BD9FA63728A50B7A0051DA21 = {
						CreatedOnToolsVersion = 13.3.1;
					};
				};
			};
			buildConfigurationList = BD9FA63328A50B7A0051DA21 /* Build configuration list for PBXProject "LAUPickerViewExample" */;
			compatibilityVersion = "Xcode 13.0";
			developmentRegion = en;
			hasScannedForEncodings = 0;
			knownRegions = (
				en,
				Base,
			);
			mainGroup = BD9FA62F28A50B7A0051DA21;
			productRefGroup = BD9FA63928A50B7A0051DA21 /* Products */;
			projectDirPath = "";
			projectRoot = "";
			targets = (
				BD9FA63728A50B7A0051DA21 /* LAUPickerViewExample */,
			);
		};
/* End PBXProject section */

/* Begin PBXResourcesBuildPhase section */
		BD9FA63628A50B7A0051DA21 /* Resources */ = {
			isa = PBXResourcesBuildPhase;
			buildActionMask = 2147483647;
			files = (
				BD9FA64828A50B7D0051DA21 /* LaunchScreen.storyboard in Resources */,
				BD9FA64528A50B7D0051DA21 /* Assets.xcassets in Resources */,
				BD9FA64328A50B7A0051DA21 /* Main.storyboard in Resources */,
			);
			runOnlyForDeploymentPostprocessing = 0;
		};
/* End PBXResourcesBuildPhase section */

/* Begin PBXSourcesBuildPhase section */
		BD9FA63428A50B7A0051DA21 /* Sources */ = {
			isa = PBXSourcesBuildPhase;
			buildActionMask = 2147483647;
			files = (
				BD9FA64028A50B7A0051DA21 /* ViewController.swift in Sources */,
				BD9FA63C28A50B7A0051DA21 /* AppDelegate.swift in Sources */,
				BD9FA63E28A50B7A0051DA21 /* SceneDelegate.swift in Sources */,
			);
			runOnlyForDeploymentPostprocessing = 0;
		};
/* End PBXSourcesBuildPhase section */

/* Begin PBXVariantGroup section */
		BD9FA64128A50B7A0051DA21 /* Main.storyboard */ = {
			isa = PBXVariantGroup;
			children = (
				BD9FA64228A50B7A0051DA21 /* Base */,
			);
			name = Main.storyboard;
			sourceTree = "<group>";
		};
		BD9FA64628A50B7D0051DA21 /* LaunchScreen.storyboard */ = {
			isa = PBXVariantGroup;
			children = (
				BD9FA64728A50B7D0051DA21 /* Base */,
			);
			name = LaunchScreen.storyboard;
			sourceTree = "<group>";
		};
/* End PBXVariantGroup section */

/* Begin XCBuildConfiguration section */
		BD9FA64A28A50B7D0051DA21 /* Debug */ = {
			isa = XCBuildConfiguration;
			buildSettings = {
				ALWAYS_SEARCH_USER_PATHS = NO;
				CLANG_ANALYZER_NONNULL = YES;
				CLANG_ANALYZER_NUMBER_OBJECT_CONVERSION = YES_AGGRESSIVE;
				CLANG_CXX_LANGUAGE_STANDARD = "gnu++17";
				CLANG_ENABLE_MODULES = YES;
				CLANG_ENABLE_OBJC_ARC = YES;
				CLANG_ENABLE_OBJC_WEAK = YES;
				CLANG_WARN_BLOCK_CAPTURE_AUTORELEASING = YES;
				CLANG_WARN_BOOL_CONVERSION = YES;
				CLANG_WARN_COMMA = YES;
				CLANG_WARN_CONSTANT_CONVERSION = YES;
				CLANG_WARN_DEPRECATED_OBJC_IMPLEMENTATIONS = YES;
				CLANG_WARN_DIRECT_OBJC_ISA_USAGE = YES_ERROR;
				CLANG_WARN_DOCUMENTATION_COMMENTS = YES;
				CLANG_WARN_EMPTY_BODY = YES;
				CLANG_WARN_ENUM_CONVERSION = YES;
				CLANG_WARN_INFINITE_RECURSION = YES;
				CLANG_WARN_INT_CONVERSION = YES;
				CLANG_WARN_NON_LITERAL_NULL_CONVERSION = YES;
				CLANG_WARN_OBJC_IMPLICIT_RETAIN_SELF = YES;
				CLANG_WARN_OBJC_LITERAL_CONVERSION = YES;
				CLANG_WARN_OBJC_ROOT_CLASS = YES_ERROR;
				CLANG_WARN_QUOTED_INCLUDE_IN_FRAMEWORK_HEADER = YES;
				CLANG_WARN_RANGE_LOOP_ANALYSIS = YES;
				CLANG_WARN_STRICT_PROTOTYPES = YES;
				CLANG_WARN_SUSPICIOUS_MOVE = YES;
				CLANG_WARN_UNGUARDED_AVAILABILITY = YES_AGGRESSIVE;
				CLANG_WARN_UNREACHABLE_CODE = YES;
				CLANG_WARN__DUPLICATE_METHOD_MATCH = YES;
				COPY_PHASE_STRIP = NO;
				DEBUG_INFORMATION_FORMAT = dwarf;
				ENABLE_STRICT_OBJC_MSGSEND = YES;
				ENABLE_TESTABILITY = YES;
				GCC_C_LANGUAGE_STANDARD = gnu11;
				GCC_DYNAMIC_NO_PIC = NO;
				GCC_NO_COMMON_BLOCKS = YES;
				GCC_OPTIMIZATION_LEVEL = 0;
				GCC_PREPROCESSOR_DEFINITIONS = (
					"DEBUG=1",
					"$(inherited)",
				);
				GCC_WARN_64_TO_32_BIT_CONVERSION = YES;
				GCC_WARN_ABOUT_RETURN_TYPE = YES_ERROR;
				GCC_WARN_UNDECLARED_SELECTOR = YES;
				GCC_WARN_UNINITIALIZED_AUTOS = YES_AGGRESSIVE;
				GCC_WARN_UNUSED_FUNCTION = YES;
				GCC_WARN_UNUSED_VARIABLE = YES;
				IPHONEOS_DEPLOYMENT_TARGET = 15.4;
				MTL_ENABLE_DEBUG_INFO = INCLUDE_SOURCE;
				MTL_FAST_MATH = YES;
				ONLY_ACTIVE_ARCH = YES;
				SDKROOT = iphoneos;
				SWIFT_ACTIVE_COMPILATION_CONDITIONS = DEBUG;
				SWIFT_OPTIMIZATION_LEVEL = "-Onone";
			};
			name = Debug;
		};
		BD9FA64B28A50B7D0051DA21 /* Release */ = {
			isa = XCBuildConfiguration;
			buildSettings = {
				ALWAYS_SEARCH_USER_PATHS = NO;
				CLANG_ANALYZER_NONNULL = YES;
				CLANG_ANALYZER_NUMBER_OBJECT_CONVERSION = YES_AGGRESSIVE;
				CLANG_CXX_LANGUAGE_STANDARD = "gnu++17";
				CLANG_ENABLE_MODULES = YES;
				CLANG_ENABLE_OBJC_ARC = YES;
				CLANG_ENABLE_OBJC_WEAK = YES;
				CLANG_WARN_BLOCK_CAPTURE_AUTORELEASING = YES;
				CLANG_WARN_BOOL_CONVERSION = YES;
				CLANG_WARN_COMMA = YES;
				CLANG_WARN_CONSTANT_CONVERSION = YES;
				CLANG_WARN_DEPRECATED_OBJC_IMPLEMENTATIONS = YES;
				CLANG_WARN_DIRECT_OBJC_ISA_USAGE = YES_ERROR;
				CLANG_WARN_DOCUMENTATION_COMMENTS = YES;
				CLANG_WARN_EMPTY_BODY = YES;
				CLANG_WARN_ENUM_CONVERSION = YES;
				CLANG_WARN_INFINITE_RECURSION = YES;
				CLANG_WARN_INT_CONVERSION = YES;
				CLANG_WARN_NON_LITERAL_NULL_CONVERSION = YES;
				CLANG_WARN_OBJC_IMPLICIT_RETAIN_SELF = YES;
				CLANG_WARN_OBJC_LITERAL_CONVERSION = YES;
				CLANG_WARN_OBJC_ROOT_CLASS = YES_ERROR;
				CLANG_WARN_QUOTED_INCLUDE_IN_FRAMEWORK_HEADER = YES;
				CLANG_WARN_RANGE_LOOP_ANALYSIS = YES;
				CLANG_WARN_STRICT_PROTOTYPES = YES;
				CLANG_WARN_SUSPICIOUS_MOVE = YES;
				CLANG_WARN_UNGUARDED_AVAILABILITY = YES_AGGRESSIVE;
				CLANG_WARN_UNREACHABLE_CODE = YES;
				CLANG_WARN__DUPLICATE_METHOD_MATCH = YES;
				COPY_PHASE_STRIP = NO;
				DEBUG_INFORMATION_FORMAT = "dwarf-with-dsym";
				ENABLE_NS_ASSERTIONS = NO;
				ENABLE_STRICT_OBJC_MSGSEND = YES;
				GCC_C_LANGUAGE_STANDARD = gnu11;
				GCC_NO_COMMON_BLOCKS = YES;
				GCC_WARN_64_TO_32_BIT_CONVERSION = YES;
				GCC_WARN_ABOUT_RETURN_TYPE = YES_ERROR;
				GCC_WARN_UNDECLARED_SELECTOR = YES;
				GCC_WARN_UNINITIALIZED_AUTOS = YES_AGGRESSIVE;
				GCC_WARN_UNUSED_FUNCTION = YES;
				GCC_WARN_UNUSED_VARIABLE = YES;
				IPHONEOS_DEPLOYMENT_TARGET = 15.4;
				MTL_ENABLE_DEBUG_INFO = NO;
				MTL_FAST_MATH = YES;
				SDKROOT = iphoneos;
				SWIFT_COMPILATION_MODE = wholemodule;
				SWIFT_OPTIMIZATION_LEVEL = "-O";
				VALIDATE_PRODUCT = YES;
			};
			name = Release;
		};
		BD9FA64D28A50B7D0051DA21 /* Debug */ = {
			isa = XCBuildConfiguration;
			buildSettings = {
				ASSETCATALOG_COMPILER_APPICON_NAME = AppIcon;
				ASSETCATALOG_COMPILER_GLOBAL_ACCENT_COLOR_NAME = AccentColor;
				CODE_SIGN_STYLE = Automatic;
				CURRENT_PROJECT_VERSION = 1;
				DEVELOPMENT_TEAM = JJC3QT2D2L;
				GENERATE_INFOPLIST_FILE = YES;
				INFOPLIST_FILE = LAUPickerViewExample/Info.plist;
				INFOPLIST_KEY_UIApplicationSupportsIndirectInputEvents = YES;
				INFOPLIST_KEY_UILaunchStoryboardName = LaunchScreen;
				INFOPLIST_KEY_UIMainStoryboardFile = Main;
				INFOPLIST_KEY_UISupportedInterfaceOrientations_iPad = "UIInterfaceOrientationPortrait UIInterfaceOrientationPortraitUpsideDown UIInterfaceOrientationLandscapeLeft UIInterfaceOrientationLandscapeRight";
				INFOPLIST_KEY_UISupportedInterfaceOrientations_iPhone = "UIInterfaceOrientationPortrait UIInterfaceOrientationLandscapeLeft UIInterfaceOrientationLandscapeRight";
				LD_RUNPATH_SEARCH_PATHS = (
					"$(inherited)",
					"@executable_path/Frameworks",
				);
				MARKETING_VERSION = 1.0;
				PRODUCT_BUNDLE_IDENTIFIER = com.laugga.LAUPickerViewExample;
				PRODUCT_NAME = "$(TARGET_NAME)";
				SWIFT_EMIT_LOC_STRINGS = YES;
				SWIFT_VERSION = 5.0;
				TARGETED_DEVICE_FAMILY = "1,2";
			};
			name = Debug;
		};
		BD9FA64E28A50B7D0051DA21 /* Release */ = {
			isa = XCBuildConfiguration;
			buildSettings = {
				ASSETCATALOG_COMPILER_APPICON_NAME = AppIcon;
				ASSETCATALOG_COMPILER_GLOBAL_ACCENT_COLOR_NAME = AccentColor;
				CODE_SIGN_STYLE = Automatic;
				CURRENT_PROJECT_VERSION = 1;
				DEVELOPMENT_TEAM = JJC3QT2D2L;
				GENERATE_INFOPLIST_FILE = YES;
				INFOPLIST_FILE = LAUPickerViewExample/Info.plist;
				INFOPLIST_KEY_UIApplicationSupportsIndirectInputEvents = YES;
				INFOPLIST_KEY_UILaunchStoryboardName = LaunchScreen;
				INFOPLIST_KEY_UIMainStoryboardFile = Main;
				INFOPLIST_KEY_UISupportedInterfaceOrientations_iPad = "UIInterfaceOrientationPortrait UIInterfaceOrientationPortraitUpsideDown UIInterfaceOrientationLandscapeLeft UIInterfaceOrientationLandscapeRight";
				INFOPLIST_KEY_UISupportedInterfaceOrientations_iPhone = "UIInterfaceOrientationPortrait UIInterfaceOrientationLandscapeLeft UIInterfaceOrientationLandscapeRight";
				LD_RUNPATH_SEARCH_PATHS = (
					"$(inherited)",
					"@executable_path/Frameworks",
				);
				MARKETING_VERSION = 1.0;
				PRODUCT_BUNDLE_IDENTIFIER = com.laugga.LAUPickerViewExample;
				PRODUCT_NAME = "$(TARGET_NAME)";
				SWIFT_EMIT_LOC_STRINGS = YES;
				SWIFT_VERSION = 5.0;
				TARGETED_DEVICE_FAMILY = "1,2";
			};
			name = Release;
		};
/* End XCBuildConfiguration section */

/* Begin XCConfigurationList section */
		BD9FA63328A50B7A0051DA21 /* Build configuration list for PBXProject "LAUPickerViewExample" */ = {
			isa = XCConfigurationList;
			buildConfigurations = (
				BD9FA64A28A50B7D0051DA21 /* Debug */,
				BD9FA64B28A50B7D0051DA21 /* Release */,
			);
			defaultConfigurationIsVisible = 0;
			defaultConfigurationName = Release;
		};
		BD9FA64C28A50B7D0051DA21 /* Build configuration list for PBXNativeTarget "LAUPickerViewExample" */ = {
			isa = XCConfigurationList;
			buildConfigurations = (
				BD9FA64D28A50B7D0051DA21 /* Debug */,
				BD9FA64E28A50B7D0051DA21 /* Release */,
			);
			defaultConfigurationIsVisible = 0;
			defaultConfigurationName = Release;
		};
/* End XCConfigurationList section */

/* Begin XCSwiftPackageProductDependency section */
		BDFD300328A53409002FE0C1 /* LAUPickerView */ = {
			isa = XCSwiftPackageProductDependency;
			productName = LAUPickerView;
		};
/* End XCSwiftPackageProductDependency section */
	};
	rootObject = BD9FA63028A50B7A0051DA21 /* Project object */;
}
