// !$*UTF8*$!
{
	archiveVersion = 1;
	classes = {
	};
	objectVersion = 46;
	objects = {

/* Begin PBXBuildFile section */
		BDFD301928A536D4002FE0C1 /* LAPickerViewTests.swift in Sources */ = {isa = PBXBuildFile; fileRef = BDFD301828A536D4002FE0C1 /* LAPickerViewTests.swift */; };
		BDFD302D28A53793002FE0C1 /* LAPickerViewLabel.m in Sources */ = {isa = PBXBuildFile; fileRef = BD9FA60E28A50A690051DA21 /* LAPickerViewLabel.m */; };
		BDFD302E28A53793002FE0C1 /* LAPickerScrollView.m in Sources */ = {isa = PBXBuildFile; fileRef = BD9FA60B28A50A690051DA21 /* LAPickerScrollView.m */; };
		BDFD302F28A53793002FE0C1 /* LAPickerTableInputSound.m in Sources */ = {isa = PBXBuildFile; fileRef = BD9FA60C28A50A690051DA21 /* LAPickerTableInputSound.m */; };
		BDFD303028A53793002FE0C1 /* LAPickerView.m in Sources */ = {isa = PBXBuildFile; fileRef = BD9FA61328A50A690051DA21 /* LAPickerView.m */; };
		BDFD303128A53793002FE0C1 /* LAPickerTableView.m in Sources */ = {isa = PBXBuildFile; fileRef = BD9FA60A28A50A690051DA21 /* LAPickerTableView.m */; };
		BDFD303528A5393A002FE0C1 /* libLAPickerView.a in Frameworks */ = {isa = PBXBuildFile; fileRef = BDFD302428A53784002FE0C1 /* libLAPickerView.a */; };
/* End PBXBuildFile section */

/* Begin PBXContainerItemProxy section */
		BDFD303328A538B9002FE0C1 /* PBXContainerItemProxy */ = {
			isa = PBXContainerItemProxy;
			containerPortal = A06ACB1C1608B2C200E20441 /* Project object */;
			proxyType = 1;
			remoteGlobalIDString = BDFD302328A53784002FE0C1;
			remoteInfo = LAPickerView;
		};
/* End PBXContainerItemProxy section */

/* Begin PBXCopyFilesBuildPhase section */
		BDFD302228A53784002FE0C1 /* CopyFiles */ = {
			isa = PBXCopyFilesBuildPhase;
			buildActionMask = 2147483647;
			dstPath = "include/$(PRODUCT_NAME)";
			dstSubfolderSpec = 16;
			files = (
			);
			runOnlyForDeploymentPostprocessing = 0;
		};
/* End PBXCopyFilesBuildPhase section */

/* Begin PBXFileReference section */
		A01C02411620D9BA003DA76F /* CoreFoundation.framework */ = {isa = PBXFileReference; lastKnownFileType = wrapper.framework; name = CoreFoundation.framework; path = System/Library/Frameworks/CoreFoundation.framework; sourceTree = SDKROOT; };
		A01C02941620E015003DA76F /* LAPickerView-Prefix.pch */ = {isa = PBXFileReference; fileEncoding = 4; lastKnownFileType = sourcecode.c.h; name = "LAPickerView-Prefix.pch"; path = "Support/LAPickerView-Prefix.pch"; sourceTree = "<group>"; };
		A01C02BF1620E286003DA76F /* LAPickerView-Info.plist */ = {isa = PBXFileReference; fileEncoding = 4; lastKnownFileType = text.plist.xml; name = "LAPickerView-Info.plist"; path = "Support/LAPickerView-Info.plist"; sourceTree = "<group>"; };
		A039A769161F8C08009E4C10 /* SenTestingKit.framework */ = {isa = PBXFileReference; lastKnownFileType = wrapper.framework; name = SenTestingKit.framework; path = Library/Frameworks/SenTestingKit.framework; sourceTree = DEVELOPER_DIR; };
		A06ACB291608B2C300E20441 /* UIKit.framework */ = {isa = PBXFileReference; lastKnownFileType = wrapper.framework; name = UIKit.framework; path = System/Library/Frameworks/UIKit.framework; sourceTree = SDKROOT; };
		A06ACB2B1608B2C300E20441 /* Foundation.framework */ = {isa = PBXFileReference; lastKnownFileType = wrapper.framework; name = Foundation.framework; path = System/Library/Frameworks/Foundation.framework; sourceTree = SDKROOT; };
		A06ACB2D1608B2C300E20441 /* CoreGraphics.framework */ = {isa = PBXFileReference; lastKnownFileType = wrapper.framework; name = CoreGraphics.framework; path = System/Library/Frameworks/CoreGraphics.framework; sourceTree = SDKROOT; };
		A06ACB6A160A0FF300E20441 /* CoreText.framework */ = {isa = PBXFileReference; lastKnownFileType = wrapper.framework; name = CoreText.framework; path = System/Library/Frameworks/CoreText.framework; sourceTree = SDKROOT; };
		A071D9D118905FE200358EF9 /* AudioToolbox.framework */ = {isa = PBXFileReference; lastKnownFileType = wrapper.framework; name = AudioToolbox.framework; path = System/Library/Frameworks/AudioToolbox.framework; sourceTree = SDKROOT; };
		BD6E2A8928A51CEC00292729 /* tick.caf */ = {isa = PBXFileReference; lastKnownFileType = file; path = tick.caf; sourceTree = "<group>"; };
		BD9FA60A28A50A690051DA21 /* LAPickerTableView.m */ = {isa = PBXFileReference; fileEncoding = 4; lastKnownFileType = sourcecode.c.objc; path = LAPickerTableView.m; sourceTree = "<group>"; };
		BD9FA60B28A50A690051DA21 /* LAPickerScrollView.m */ = {isa = PBXFileReference; fileEncoding = 4; lastKnownFileType = sourcecode.c.objc; path = LAPickerScrollView.m; sourceTree = "<group>"; };
		BD9FA60C28A50A690051DA21 /* LAPickerTableInputSound.m */ = {isa = PBXFileReference; fileEncoding = 4; lastKnownFileType = sourcecode.c.objc; path = LAPickerTableInputSound.m; sourceTree = "<group>"; };
		BD9FA60E28A50A690051DA21 /* LAPickerViewLabel.m */ = {isa = PBXFileReference; fileEncoding = 4; lastKnownFileType = sourcecode.c.objc; path = LAPickerViewLabel.m; sourceTree = "<group>"; };
		BD9FA61328A50A690051DA21 /* LAPickerView.m */ = {isa = PBXFileReference; fileEncoding = 4; lastKnownFileType = sourcecode.c.objc; path = LAPickerView.m; sourceTree = "<group>"; };
		BDFD300628A5362B002FE0C1 /* LAPickerView.h */ = {isa = PBXFileReference; fileEncoding = 4; lastKnownFileType = sourcecode.c.h; path = LAPickerView.h; sourceTree = "<group>"; };
		BDFD300728A5362B002FE0C1 /* LAPickerTableView.h */ = {isa = PBXFileReference; fileEncoding = 4; lastKnownFileType = sourcecode.c.h; path = LAPickerTableView.h; sourceTree = "<group>"; };
		BDFD300828A5362B002FE0C1 /* LAPickerTableViewDelegate.h */ = {isa = PBXFileReference; fileEncoding = 4; lastKnownFileType = sourcecode.c.h; path = LAPickerTableViewDelegate.h; sourceTree = "<group>"; };
		BDFD300928A5362B002FE0C1 /* LAPickerTableInputSound.h */ = {isa = PBXFileReference; fileEncoding = 4; lastKnownFileType = sourcecode.c.h; path = LAPickerTableInputSound.h; sourceTree = "<group>"; };
		BDFD300A28A5362B002FE0C1 /* LAPickerTableViewDataSource.h */ = {isa = PBXFileReference; fileEncoding = 4; lastKnownFileType = sourcecode.c.h; path = LAPickerTableViewDataSource.h; sourceTree = "<group>"; };
		BDFD300B28A5362B002FE0C1 /* LAPickerViewDataSource.h */ = {isa = PBXFileReference; fileEncoding = 4; lastKnownFileType = sourcecode.c.h; path = LAPickerViewDataSource.h; sourceTree = "<group>"; };
		BDFD300C28A5362B002FE0C1 /* LAPickerViewDelegate.h */ = {isa = PBXFileReference; fileEncoding = 4; lastKnownFileType = sourcecode.c.h; path = LAPickerViewDelegate.h; sourceTree = "<group>"; };
		BDFD300D28A5362B002FE0C1 /* LAPickerViewLabel.h */ = {isa = PBXFileReference; fileEncoding = 4; lastKnownFileType = sourcecode.c.h; path = LAPickerViewLabel.h; sourceTree = "<group>"; };
		BDFD300E28A5362B002FE0C1 /* LAPickerScrollView.h */ = {isa = PBXFileReference; fileEncoding = 4; lastKnownFileType = sourcecode.c.h; path = LAPickerScrollView.h; sourceTree = "<group>"; };
		BDFD300F28A53699002FE0C1 /* Test-Bridging-Header.h */ = {isa = PBXFileReference; lastKnownFileType = sourcecode.c.h; path = "Test-Bridging-Header.h"; sourceTree = "<group>"; };
		BDFD301628A536D4002FE0C1 /* Unit Tests.xctest */ = {isa = PBXFileReference; explicitFileType = wrapper.cfbundle; includeInIndex = 0; path = "Unit Tests.xctest"; sourceTree = BUILT_PRODUCTS_DIR; };
		BDFD301828A536D4002FE0C1 /* LAPickerViewTests.swift */ = {isa = PBXFileReference; lastKnownFileType = sourcecode.swift; path = LAPickerViewTests.swift; sourceTree = "<group>"; };
		BDFD302428A53784002FE0C1 /* libLAPickerView.a */ = {isa = PBXFileReference; explicitFileType = archive.ar; includeInIndex = 0; path = libLAPickerView.a; sourceTree = BUILT_PRODUCTS_DIR; };
/* End PBXFileReference section */

/* Begin PBXFrameworksBuildPhase section */
		BDFD301328A536D4002FE0C1 /* Frameworks */ = {
			isa = PBXFrameworksBuildPhase;
			buildActionMask = 2147483647;
			files = (
				BDFD303528A5393A002FE0C1 /* libLAPickerView.a in Frameworks */,
			);
			runOnlyForDeploymentPostprocessing = 0;
		};
		BDFD302128A53784002FE0C1 /* Frameworks */ = {
			isa = PBXFrameworksBuildPhase;
			buildActionMask = 2147483647;
			files = (
			);
			runOnlyForDeploymentPostprocessing = 0;
		};
/* End PBXFrameworksBuildPhase section */

/* Begin PBXGroup section */
		A01C02691620DF5E003DA76F /* Support */ = {
			isa = PBXGroup;
			children = (
				A01C02BF1620E286003DA76F /* LAPickerView-Info.plist */,
				A01C02941620E015003DA76F /* LAPickerView-Prefix.pch */,
			);
			name = Support;
			sourceTree = "<group>";
		};
		A039A76D161F8C08009E4C10 /* Tests */ = {
			isa = PBXGroup;
			children = (
				BDFD301828A536D4002FE0C1 /* LAPickerViewTests.swift */,
				BDFD300F28A53699002FE0C1 /* Test-Bridging-Header.h */,
			);
			path = Tests;
			sourceTree = "<group>";
		};
		A06ACB1A1608B2C200E20441 = {
			isa = PBXGroup;
			children = (
				A0F0BE0516388E050017AEC3 /* Sources */,
				A01C02691620DF5E003DA76F /* Support */,
				A039A76D161F8C08009E4C10 /* Tests */,
				A06ACB281608B2C300E20441 /* Frameworks */,
				A06ACB261608B2C300E20441 /* Products */,
			);
			sourceTree = "<group>";
		};
		A06ACB261608B2C300E20441 /* Products */ = {
			isa = PBXGroup;
			children = (
				BDFD301628A536D4002FE0C1 /* Unit Tests.xctest */,
				BDFD302428A53784002FE0C1 /* libLAPickerView.a */,
			);
			name = Products;
			sourceTree = "<group>";
		};
		A06ACB281608B2C300E20441 /* Frameworks */ = {
			isa = PBXGroup;
			children = (
				A071D9D118905FE200358EF9 /* AudioToolbox.framework */,
				A06ACB6A160A0FF300E20441 /* CoreText.framework */,
				A06ACB291608B2C300E20441 /* UIKit.framework */,
				A06ACB2B1608B2C300E20441 /* Foundation.framework */,
				A06ACB2D1608B2C300E20441 /* CoreGraphics.framework */,
				A039A769161F8C08009E4C10 /* SenTestingKit.framework */,
				A01C02411620D9BA003DA76F /* CoreFoundation.framework */,
			);
			name = Frameworks;
			sourceTree = "<group>";
		};
		A0F0BE0516388E050017AEC3 /* Sources */ = {
			isa = PBXGroup;
			children = (
				BD9FA60928A509E70051DA21 /* LAPickerView */,
			);
			path = Sources;
			sourceTree = "<group>";
		};
		BD6E2A8828A51CEC00292729 /* Resources */ = {
			isa = PBXGroup;
			children = (
				BD6E2A8928A51CEC00292729 /* tick.caf */,
			);
			path = Resources;
			sourceTree = "<group>";
		};
		BD9FA60928A509E70051DA21 /* LAPickerView */ = {
			isa = PBXGroup;
			children = (
				BDFD300528A53615002FE0C1 /* Public */,
				BD6E2A8828A51CEC00292729 /* Resources */,
				BD9FA60B28A50A690051DA21 /* LAPickerScrollView.m */,
				BD9FA60C28A50A690051DA21 /* LAPickerTableInputSound.m */,
				BD9FA60A28A50A690051DA21 /* LAPickerTableView.m */,
				BD9FA61328A50A690051DA21 /* LAPickerView.m */,
				BD9FA60E28A50A690051DA21 /* LAPickerViewLabel.m */,
			);
			path = LAPickerView;
			sourceTree = "<group>";
		};
		BDFD300528A53615002FE0C1 /* Public */ = {
			isa = PBXGroup;
			children = (
				BDFD300E28A5362B002FE0C1 /* LAPickerScrollView.h */,
				BDFD300928A5362B002FE0C1 /* LAPickerTableInputSound.h */,
				BDFD300728A5362B002FE0C1 /* LAPickerTableView.h */,
				BDFD300A28A5362B002FE0C1 /* LAPickerTableViewDataSource.h */,
				BDFD300828A5362B002FE0C1 /* LAPickerTableViewDelegate.h */,
				BDFD300628A5362B002FE0C1 /* LAPickerView.h */,
				BDFD300B28A5362B002FE0C1 /* LAPickerViewDataSource.h */,
				BDFD300C28A5362B002FE0C1 /* LAPickerViewDelegate.h */,
				BDFD300D28A5362B002FE0C1 /* LAPickerViewLabel.h */,
			);
			path = Public;
			sourceTree = "<group>";
		};
/* End PBXGroup section */

/* Begin PBXNativeTarget section */
		BDFD301528A536D4002FE0C1 /* Unit Tests */ = {
			isa = PBXNativeTarget;
			buildConfigurationList = BDFD301D28A536D4002FE0C1 /* Build configuration list for PBXNativeTarget "Unit Tests" */;
			buildPhases = (
				BDFD301228A536D4002FE0C1 /* Sources */,
				BDFD301328A536D4002FE0C1 /* Frameworks */,
				BDFD301428A536D4002FE0C1 /* Resources */,
			);
			buildRules = (
			);
			dependencies = (
				BDFD303428A538B9002FE0C1 /* PBXTargetDependency */,
			);
			name = "Unit Tests";
			productName = LAPickerViewTests;
			productReference = BDFD301628A536D4002FE0C1 /* Unit Tests.xctest */;
			productType = "com.apple.product-type.bundle.unit-test";
		};
		BDFD302328A53784002FE0C1 /* LAPickerView */ = {
			isa = PBXNativeTarget;
			buildConfigurationList = BDFD302A28A53784002FE0C1 /* Build configuration list for PBXNativeTarget "LAPickerView" */;
			buildPhases = (
				BDFD302028A53784002FE0C1 /* Sources */,
				BDFD302128A53784002FE0C1 /* Frameworks */,
				BDFD302228A53784002FE0C1 /* CopyFiles */,
			);
			buildRules = (
			);
			dependencies = (
			);
			name = LAPickerView;
			productName = LAPickerVIew;
			productReference = BDFD302428A53784002FE0C1 /* libLAPickerView.a */;
			productType = "com.apple.product-type.library.static";
		};
/* End PBXNativeTarget section */

/* Begin PBXProject section */
		A06ACB1C1608B2C200E20441 /* Project object */ = {
			isa = PBXProject;
			attributes = {
				LastSwiftUpdateCheck = 1330;
				LastTestingUpgradeCheck = 0610;
				LastUpgradeCheck = 0940;
				ORGANIZATIONNAME = "Luis Laugga";
				TargetAttributes = {
					BDFD301528A536D4002FE0C1 = {
						CreatedOnToolsVersion = 13.3.1;
						ProvisioningStyle = Automatic;
					};
					BDFD302328A53784002FE0C1 = {
						CreatedOnToolsVersion = 13.3.1;
						ProvisioningStyle = Automatic;
					};
				};
			};
			buildConfigurationList = A06ACB1F1608B2C200E20441 /* Build configuration list for PBXProject "LAPickerView" */;
			compatibilityVersion = "Xcode 3.2";
			developmentRegion = English;
			hasScannedForEncodings = 0;
			knownRegions = (
				English,
				en,
			);
			mainGroup = A06ACB1A1608B2C200E20441;
			productRefGroup = A06ACB261608B2C300E20441 /* Products */;
			projectDirPath = "";
			projectRoot = "";
			targets = (
				BDFD301528A536D4002FE0C1 /* Unit Tests */,
				BDFD302328A53784002FE0C1 /* LAPickerView */,
			);
		};
/* End PBXProject section */

/* Begin PBXResourcesBuildPhase section */
		BDFD301428A536D4002FE0C1 /* Resources */ = {
			isa = PBXResourcesBuildPhase;
			buildActionMask = 2147483647;
			files = (
			);
			runOnlyForDeploymentPostprocessing = 0;
		};
/* End PBXResourcesBuildPhase section */

/* Begin PBXSourcesBuildPhase section */
		BDFD301228A536D4002FE0C1 /* Sources */ = {
			isa = PBXSourcesBuildPhase;
			buildActionMask = 2147483647;
			files = (
				BDFD301928A536D4002FE0C1 /* LAPickerViewTests.swift in Sources */,
			);
			runOnlyForDeploymentPostprocessing = 0;
		};
		BDFD302028A53784002FE0C1 /* Sources */ = {
			isa = PBXSourcesBuildPhase;
			buildActionMask = 2147483647;
			files = (
				BDFD302F28A53793002FE0C1 /* LAPickerTableInputSound.m in Sources */,
				BDFD302D28A53793002FE0C1 /* LAPickerViewLabel.m in Sources */,
				BDFD303128A53793002FE0C1 /* LAPickerTableView.m in Sources */,
				BDFD302E28A53793002FE0C1 /* LAPickerScrollView.m in Sources */,
				BDFD303028A53793002FE0C1 /* LAPickerView.m in Sources */,
			);
			runOnlyForDeploymentPostprocessing = 0;
		};
/* End PBXSourcesBuildPhase section */

/* Begin PBXTargetDependency section */
		BDFD303428A538B9002FE0C1 /* PBXTargetDependency */ = {
			isa = PBXTargetDependency;
			target = BDFD302328A53784002FE0C1 /* LAPickerView */;
			targetProxy = BDFD303328A538B9002FE0C1 /* PBXContainerItemProxy */;
		};
/* End PBXTargetDependency section */

/* Begin XCBuildConfiguration section */
		A06ACB441608B2C300E20441 /* Debug */ = {
			isa = XCBuildConfiguration;
			buildSettings = {
				ALWAYS_SEARCH_USER_PATHS = NO;
				CLANG_WARN_BLOCK_CAPTURE_AUTORELEASING = YES;
				CLANG_WARN_BOOL_CONVERSION = YES;
				CLANG_WARN_COMMA = YES;
				CLANG_WARN_CONSTANT_CONVERSION = YES;
				CLANG_WARN_DEPRECATED_OBJC_IMPLEMENTATIONS = YES;
				CLANG_WARN_EMPTY_BODY = YES;
				CLANG_WARN_ENUM_CONVERSION = YES;
				CLANG_WARN_INFINITE_RECURSION = YES;
				CLANG_WARN_INT_CONVERSION = YES;
				CLANG_WARN_NON_LITERAL_NULL_CONVERSION = YES;
				CLANG_WARN_OBJC_IMPLICIT_RETAIN_SELF = YES;
				CLANG_WARN_OBJC_LITERAL_CONVERSION = YES;
				CLANG_WARN_RANGE_LOOP_ANALYSIS = YES;
				CLANG_WARN_STRICT_PROTOTYPES = YES;
				CLANG_WARN_SUSPICIOUS_MOVE = YES;
				CLANG_WARN_UNREACHABLE_CODE = YES;
				CLANG_WARN__DUPLICATE_METHOD_MATCH = YES;
				"CODE_SIGN_IDENTITY[sdk=iphoneos*]" = "iPhone Developer";
				ENABLE_STRICT_OBJC_MSGSEND = YES;
				ENABLE_TESTABILITY = YES;
				GCC_C_LANGUAGE_STANDARD = gnu99;
				GCC_DYNAMIC_NO_PIC = NO;
				GCC_NO_COMMON_BLOCKS = YES;
				GCC_PREPROCESSOR_DEFINITIONS = (
					"DEBUG=1",
					"$(inherited)",
				);
				GCC_SYMBOLS_PRIVATE_EXTERN = NO;
				GCC_WARN_64_TO_32_BIT_CONVERSION = YES;
				GCC_WARN_ABOUT_RETURN_TYPE = YES;
				GCC_WARN_UNDECLARED_SELECTOR = YES;
				GCC_WARN_UNINITIALIZED_AUTOS = YES;
				GCC_WARN_UNUSED_FUNCTION = YES;
				GCC_WARN_UNUSED_VARIABLE = YES;
				INFOPLIST_EXPAND_BUILD_SETTINGS = YES;
				INFOPLIST_OUTPUT_FORMAT = "same-as-input";
				IPHONEOS_DEPLOYMENT_TARGET = 8.0;
				PLIST_FILE_OUTPUT_FORMAT = "same-as-input";
				SDKROOT = iphoneos;
				TARGETED_DEVICE_FAMILY = "1,2";
			};
			name = Debug;
		};
		A06ACB451608B2C300E20441 /* Release */ = {
			isa = XCBuildConfiguration;
			buildSettings = {
				ALWAYS_SEARCH_USER_PATHS = NO;
				CLANG_WARN_BLOCK_CAPTURE_AUTORELEASING = YES;
				CLANG_WARN_BOOL_CONVERSION = YES;
				CLANG_WARN_COMMA = YES;
				CLANG_WARN_CONSTANT_CONVERSION = YES;
				CLANG_WARN_DEPRECATED_OBJC_IMPLEMENTATIONS = YES;
				CLANG_WARN_EMPTY_BODY = YES;
				CLANG_WARN_ENUM_CONVERSION = YES;
				CLANG_WARN_INFINITE_RECURSION = YES;
				CLANG_WARN_INT_CONVERSION = YES;
				CLANG_WARN_NON_LITERAL_NULL_CONVERSION = YES;
				CLANG_WARN_OBJC_IMPLICIT_RETAIN_SELF = YES;
				CLANG_WARN_OBJC_LITERAL_CONVERSION = YES;
				CLANG_WARN_RANGE_LOOP_ANALYSIS = YES;
				CLANG_WARN_STRICT_PROTOTYPES = YES;
				CLANG_WARN_SUSPICIOUS_MOVE = YES;
				CLANG_WARN_UNREACHABLE_CODE = YES;
				CLANG_WARN__DUPLICATE_METHOD_MATCH = YES;
				"CODE_SIGN_IDENTITY[sdk=iphoneos*]" = "iPhone Developer";
				ENABLE_STRICT_OBJC_MSGSEND = YES;
				GCC_C_LANGUAGE_STANDARD = gnu99;
				GCC_NO_COMMON_BLOCKS = YES;
				GCC_WARN_64_TO_32_BIT_CONVERSION = YES;
				GCC_WARN_ABOUT_RETURN_TYPE = YES;
				GCC_WARN_UNDECLARED_SELECTOR = YES;
				GCC_WARN_UNINITIALIZED_AUTOS = YES;
				GCC_WARN_UNUSED_FUNCTION = YES;
				GCC_WARN_UNUSED_VARIABLE = YES;
				INFOPLIST_EXPAND_BUILD_SETTINGS = YES;
				INFOPLIST_OUTPUT_FORMAT = "same-as-input";
				IPHONEOS_DEPLOYMENT_TARGET = 8.0;
				OTHER_CFLAGS = "-DNS_BLOCK_ASSERTIONS=1";
				PLIST_FILE_OUTPUT_FORMAT = "same-as-input";
				SDKROOT = iphoneos;
				TARGETED_DEVICE_FAMILY = "1,2";
				VALIDATE_PRODUCT = YES;
			};
			name = Release;
		};
		BDFD301E28A536D4002FE0C1 /* Debug */ = {
			isa = XCBuildConfiguration;
			buildSettings = {
				CLANG_ANALYZER_NONNULL = YES;
				CLANG_ANALYZER_NUMBER_OBJECT_CONVERSION = YES_AGGRESSIVE;
				CLANG_CXX_LANGUAGE_STANDARD = "gnu++17";
				CLANG_ENABLE_MODULES = YES;
				CLANG_ENABLE_OBJC_ARC = YES;
				CLANG_ENABLE_OBJC_WEAK = YES;
				CLANG_WARN_DIRECT_OBJC_ISA_USAGE = YES_ERROR;
				CLANG_WARN_DOCUMENTATION_COMMENTS = YES;
				CLANG_WARN_OBJC_ROOT_CLASS = YES_ERROR;
				CLANG_WARN_QUOTED_INCLUDE_IN_FRAMEWORK_HEADER = YES;
				CLANG_WARN_UNGUARDED_AVAILABILITY = YES_AGGRESSIVE;
				CODE_SIGN_STYLE = Automatic;
				COPY_PHASE_STRIP = NO;
				CURRENT_PROJECT_VERSION = 1;
				DEBUG_INFORMATION_FORMAT = dwarf;
				GCC_C_LANGUAGE_STANDARD = gnu11;
				GCC_OPTIMIZATION_LEVEL = 0;
				GCC_WARN_ABOUT_RETURN_TYPE = YES_ERROR;
				GCC_WARN_UNINITIALIZED_AUTOS = YES_AGGRESSIVE;
				GENERATE_INFOPLIST_FILE = YES;
				IPHONEOS_DEPLOYMENT_TARGET = 15.4;
				MARKETING_VERSION = 1.0;
				MTL_ENABLE_DEBUG_INFO = INCLUDE_SOURCE;
				MTL_FAST_MATH = YES;
				ONLY_ACTIVE_ARCH = YES;
				PRODUCT_BUNDLE_IDENTIFIER = com.laugga.LAPickerViewTests;
				PRODUCT_NAME = "$(TARGET_NAME)";
				SWIFT_ACTIVE_COMPILATION_CONDITIONS = DEBUG;
				SWIFT_EMIT_LOC_STRINGS = NO;
				SWIFT_OPTIMIZATION_LEVEL = "-Onone";
				SWIFT_VERSION = 5.0;
				TARGETED_DEVICE_FAMILY = "1,2";
			};
			name = Debug;
		};
		BDFD301F28A536D4002FE0C1 /* Release */ = {
			isa = XCBuildConfiguration;
			buildSettings = {
				CLANG_ANALYZER_NONNULL = YES;
				CLANG_ANALYZER_NUMBER_OBJECT_CONVERSION = YES_AGGRESSIVE;
				CLANG_CXX_LANGUAGE_STANDARD = "gnu++17";
				CLANG_ENABLE_MODULES = YES;
				CLANG_ENABLE_OBJC_ARC = YES;
				CLANG_ENABLE_OBJC_WEAK = YES;
				CLANG_WARN_DIRECT_OBJC_ISA_USAGE = YES_ERROR;
				CLANG_WARN_DOCUMENTATION_COMMENTS = YES;
				CLANG_WARN_OBJC_ROOT_CLASS = YES_ERROR;
				CLANG_WARN_QUOTED_INCLUDE_IN_FRAMEWORK_HEADER = YES;
				CLANG_WARN_UNGUARDED_AVAILABILITY = YES_AGGRESSIVE;
				CODE_SIGN_STYLE = Automatic;
				COPY_PHASE_STRIP = NO;
				CURRENT_PROJECT_VERSION = 1;
				DEBUG_INFORMATION_FORMAT = "dwarf-with-dsym";
				ENABLE_NS_ASSERTIONS = NO;
				GCC_C_LANGUAGE_STANDARD = gnu11;
				GCC_WARN_ABOUT_RETURN_TYPE = YES_ERROR;
				GCC_WARN_UNINITIALIZED_AUTOS = YES_AGGRESSIVE;
				GENERATE_INFOPLIST_FILE = YES;
				IPHONEOS_DEPLOYMENT_TARGET = 15.4;
				MARKETING_VERSION = 1.0;
				MTL_ENABLE_DEBUG_INFO = NO;
				MTL_FAST_MATH = YES;
				PRODUCT_BUNDLE_IDENTIFIER = com.laugga.LAPickerViewTests;
				PRODUCT_NAME = "$(TARGET_NAME)";
				SWIFT_EMIT_LOC_STRINGS = NO;
				SWIFT_OPTIMIZATION_LEVEL = "-Owholemodule";
				SWIFT_VERSION = 5.0;
				TARGETED_DEVICE_FAMILY = "1,2";
			};
			name = Release;
		};
		BDFD302B28A53784002FE0C1 /* Debug */ = {
			isa = XCBuildConfiguration;
			buildSettings = {
				CLANG_ANALYZER_NONNULL = YES;
				CLANG_ANALYZER_NUMBER_OBJECT_CONVERSION = YES_AGGRESSIVE;
				CLANG_CXX_LANGUAGE_STANDARD = "gnu++17";
				CLANG_ENABLE_MODULES = YES;
				CLANG_ENABLE_OBJC_ARC = YES;
				CLANG_ENABLE_OBJC_WEAK = YES;
				CLANG_WARN_DIRECT_OBJC_ISA_USAGE = YES_ERROR;
				CLANG_WARN_DOCUMENTATION_COMMENTS = YES;
				CLANG_WARN_OBJC_ROOT_CLASS = YES_ERROR;
				CLANG_WARN_QUOTED_INCLUDE_IN_FRAMEWORK_HEADER = YES;
				CLANG_WARN_UNGUARDED_AVAILABILITY = YES_AGGRESSIVE;
				CODE_SIGN_STYLE = Automatic;
				COPY_PHASE_STRIP = NO;
				DEBUG_INFORMATION_FORMAT = dwarf;
				DEFINES_MODULE = YES;
				GCC_C_LANGUAGE_STANDARD = gnu11;
				GCC_OPTIMIZATION_LEVEL = 0;
				GCC_WARN_ABOUT_RETURN_TYPE = YES_ERROR;
				GCC_WARN_UNINITIALIZED_AUTOS = YES_AGGRESSIVE;
				IPHONEOS_DEPLOYMENT_TARGET = 15.4;
				MODULE_NAME = LAPickerView;
				MTL_ENABLE_DEBUG_INFO = INCLUDE_SOURCE;
				MTL_FAST_MATH = YES;
				ONLY_ACTIVE_ARCH = YES;
				OTHER_LDFLAGS = "-ObjC";
				PRODUCT_NAME = "$(TARGET_NAME)";
				SKIP_INSTALL = YES;
				TARGETED_DEVICE_FAMILY = "1,2";
			};
			name = Debug;
		};
		BDFD302C28A53784002FE0C1 /* Release */ = {
			isa = XCBuildConfiguration;
			buildSettings = {
				CLANG_ANALYZER_NONNULL = YES;
				CLANG_ANALYZER_NUMBER_OBJECT_CONVERSION = YES_AGGRESSIVE;
				CLANG_CXX_LANGUAGE_STANDARD = "gnu++17";
				CLANG_ENABLE_MODULES = YES;
				CLANG_ENABLE_OBJC_ARC = YES;
				CLANG_ENABLE_OBJC_WEAK = YES;
				CLANG_WARN_DIRECT_OBJC_ISA_USAGE = YES_ERROR;
				CLANG_WARN_DOCUMENTATION_COMMENTS = YES;
				CLANG_WARN_OBJC_ROOT_CLASS = YES_ERROR;
				CLANG_WARN_QUOTED_INCLUDE_IN_FRAMEWORK_HEADER = YES;
				CLANG_WARN_UNGUARDED_AVAILABILITY = YES_AGGRESSIVE;
				CODE_SIGN_STYLE = Automatic;
				COPY_PHASE_STRIP = NO;
				DEBUG_INFORMATION_FORMAT = "dwarf-with-dsym";
				DEFINES_MODULE = YES;
				ENABLE_NS_ASSERTIONS = NO;
				GCC_C_LANGUAGE_STANDARD = gnu11;
				GCC_WARN_ABOUT_RETURN_TYPE = YES_ERROR;
				GCC_WARN_UNINITIALIZED_AUTOS = YES_AGGRESSIVE;
				IPHONEOS_DEPLOYMENT_TARGET = 15.4;
				MODULE_NAME = LAPickerView;
				MTL_ENABLE_DEBUG_INFO = NO;
				MTL_FAST_MATH = YES;
				OTHER_LDFLAGS = "-ObjC";
				PRODUCT_NAME = "$(TARGET_NAME)";
				SKIP_INSTALL = YES;
				TARGETED_DEVICE_FAMILY = "1,2";
			};
			name = Release;
		};
/* End XCBuildConfiguration section */

/* Begin XCConfigurationList section */
		A06ACB1F1608B2C200E20441 /* Build configuration list for PBXProject "LAPickerView" */ = {
			isa = XCConfigurationList;
			buildConfigurations = (
				A06ACB441608B2C300E20441 /* Debug */,
				A06ACB451608B2C300E20441 /* Release */,
			);
			defaultConfigurationIsVisible = 0;
			defaultConfigurationName = Release;
		};
		BDFD301D28A536D4002FE0C1 /* Build configuration list for PBXNativeTarget "Unit Tests" */ = {
			isa = XCConfigurationList;
			buildConfigurations = (
				BDFD301E28A536D4002FE0C1 /* Debug */,
				BDFD301F28A536D4002FE0C1 /* Release */,
			);
			defaultConfigurationIsVisible = 0;
			defaultConfigurationName = Release;
		};
		BDFD302A28A53784002FE0C1 /* Build configuration list for PBXNativeTarget "LAPickerView" */ = {
			isa = XCConfigurationList;
			buildConfigurations = (
				BDFD302B28A53784002FE0C1 /* Debug */,
				BDFD302C28A53784002FE0C1 /* Release */,
			);
			defaultConfigurationIsVisible = 0;
			defaultConfigurationName = Release;
		};
/* End XCConfigurationList section */
	};
	rootObject = A06ACB1C1608B2C200E20441 /* Project object */;
}
